
Microsoft Visual Studio Solution File, Format Version 12.00
# Visual Studio Version 16
VisualStudioVersion = 16.0.29025.244
MinimumVisualStudioVersion = 10.0.40219.1
Project("{9A19103F-16F7-4668-BE54-9A1E7A4F7556}") = "State", "State\State.csproj", "{9804BCEB-9999-4FAB-B644-9A935157833C}"
EndProject
Global
	GlobalSection(SolutionConfigurationPlatforms) = preSolution
		Debug|Any CPU = Debug|Any CPU
		Release|Any CPU = Release|Any CPU
	EndGlobalSection
	GlobalSection(ProjectConfigurationPlatforms) = postSolution
		{9804BCEB-9999-4FAB-B644-9A935157833C}.Debug|Any CPU.ActiveCfg = Debug|Any CPU
		{9804BCEB-9999-4FAB-B644-9A935157833C}.Debug|Any CPU.Build.0 = Debug|Any CPU
		{9804BCEB-9999-4FAB-B644-9A935157833C}.Release|Any CPU.ActiveCfg = Release|Any CPU
		{9804BCEB-9999-4FAB-B644-9A935157833C}.Release|Any CPU.Build.0 = Release|Any CPU
	EndGlobalSection
	GlobalSection(SolutionProperties) = preSolution
		HideSolutionNode = FALSE
	EndGlobalSection
	GlobalSection(ExtensibilityGlobals) = postSolution
		SolutionGuid = {6272D05F-C4E8-4E2D-95A6-AD936740E807}
	EndGlobalSection
EndGlobal
