Microsoft Visual Studio Solution File, Format Version 12.00
# Visual Studio Version 16
VisualStudioVersion = 16.0.29025.244
MinimumVisualStudioVersion = 10.0.40219.1
Project("{9A19103F-16F7-4668-BE54-9A1E7A4F7556}") = "AbstractFactory", "AbstractFactory\AbstractFactory.csproj", "{273ECFE6-1998-46E7-8BB2-7CBF114C3F12}"
EndProject
Project("{9A19103F-16F7-4668-BE54-9A1E7A4F7556}") = "FactoryMethod", "FactoryMethod\FactoryMethod.csproj", "{022620F5-2E1F-454E-AD81-046208EF32F9}"
EndProject
Project("{FAE04EC0-301F-11D3-BF4B-00C04F79EFBC}") = "Builder", "Builder\Builder.csproj", "{8537FF21-5749-4D4C-A9DA-735FABAF25C2}"
EndProject
Global
	GlobalSection(SolutionConfigurationPlatforms) = preSolution
		Debug|Any CPU = Debug|Any CPU
		Release|Any CPU = Release|Any CPU
	EndGlobalSection
	GlobalSection(ProjectConfigurationPlatforms) = postSolution
		{273ECFE6-1998-46E7-8BB2-7CBF114C3F12}.Debug|Any CPU.ActiveCfg = Debug|Any CPU
		{273ECFE6-1998-46E7-8BB2-7CBF114C3F12}.Debug|Any CPU.Build.0 = Debug|Any CPU
		{273ECFE6-1998-46E7-8BB2-7CBF114C3F12}.Release|Any CPU.ActiveCfg = Release|Any CPU
		{273ECFE6-1998-46E7-8BB2-7CBF114C3F12}.Release|Any CPU.Build.0 = Release|Any CPU
		{022620F5-2E1F-454E-AD81-046208EF32F9}.Debug|Any CPU.ActiveCfg = Debug|Any CPU
		{022620F5-2E1F-454E-AD81-046208EF32F9}.Debug|Any CPU.Build.0 = Debug|Any CPU
		{022620F5-2E1F-454E-AD81-046208EF32F9}.Release|Any CPU.ActiveCfg = Release|Any CPU
		{022620F5-2E1F-454E-AD81-046208EF32F9}.Release|Any CPU.Build.0 = Release|Any CPU
		{8537FF21-5749-4D4C-A9DA-735FABAF25C2}.Debug|Any CPU.ActiveCfg = Debug|Any CPU
		{8537FF21-5749-4D4C-A9DA-735FABAF25C2}.Debug|Any CPU.Build.0 = Debug|Any CPU
		{8537FF21-5749-4D4C-A9DA-735FABAF25C2}.Release|Any CPU.ActiveCfg = Release|Any CPU
		{8537FF21-5749-4D4C-A9DA-735FABAF25C2}.Release|Any CPU.Build.0 = Release|Any CPU
	EndGlobalSection
	GlobalSection(SolutionProperties) = preSolution
		HideSolutionNode = FALSE
	EndGlobalSection
	GlobalSection(ExtensibilityGlobals) = postSolution
		SolutionGuid = {10A4AFB8-DAB8-4ED1-9851-173BD1195088}
	EndGlobalSection
EndGlobal
